# THIS IS AN AUTOGENERATED FILE. DO NOT EDIT THIS FILE DIRECTLY.
# yarn lockfile v1


mdb-ui-kit@^3.3.0:
  version "3.3.0"
  resolved "https://registry.yarnpkg.com/mdb-ui-kit/-/mdb-ui-kit-3.3.0.tgz#05c916393ab929a3857ea6c06af5e4f2f9ccb7bc"
  integrity sha512-hl8NTS8wb788Lo2ni9WIRJsnuGroVYGMI17nYAVTapRIFshx06yJtCEAfFvPjf6d6pM1K4k/wuWKQ4CE6CTUfw==

particles.js@^2.0.0:
  version "2.0.0"
  resolved "https://registry.yarnpkg.com/particles.js/-/particles.js-2.0.0.tgz#21386c4328d6c7f96780a201e96eedfc09c736f6"
  integrity sha1-IThsQyjWx/lngKIB6W7t/AnHNvY=
